
Microsoft Visual Studio Solution File, Format Version 12.00
# Visual Studio Version 17
VisualStudioVersion = 17.14.36518.9 d17.14
MinimumVisualStudioVersion = 10.0.40219.1
Project("{FAE04EC0-301F-11D3-BF4B-00C04F79EFBC}") = "25-26-PrograEvent-Seance2", "25-26-PrograEvent-Seance2.csproj", "{0D3386A5-43AA-42E3-ABD0-9BD4B6909658}"
EndProject
Global
	GlobalSection(SolutionConfigurationPlatforms) = preSolution
		Debug|Any CPU = Debug|Any CPU
		Release|Any CPU = Release|Any CPU
	EndGlobalSection
	GlobalSection(ProjectConfigurationPlatforms) = postSolution
		{0D3386A5-43AA-42E3-ABD0-9BD4B6909658}.Debug|Any CPU.ActiveCfg = Debug|Any CPU
		{0D3386A5-43AA-42E3-ABD0-9BD4B6909658}.Debug|Any CPU.Build.0 = Debug|Any CPU
		{0D3386A5-43AA-42E3-ABD0-9BD4B6909658}.Release|Any CPU.ActiveCfg = Release|Any CPU
		{0D3386A5-43AA-42E3-ABD0-9BD4B6909658}.Release|Any CPU.Build.0 = Release|Any CPU
	EndGlobalSection
	GlobalSection(SolutionProperties) = preSolution
		HideSolutionNode = FALSE
	EndGlobalSection
	GlobalSection(ExtensibilityGlobals) = postSolution
		SolutionGuid = {FA479CDB-B1F1-4337-9348-8D930ADC36A4}
	EndGlobalSection
EndGlobal
